// !$*UTF8*$!
{
	archiveVersion = 1;
	classes = {
	};
	objectVersion = 50;
	objects = {

/* Begin PBXBuildFile section */
		0627C59A270D6CFF002A28B7 /* AppDelegate.swift in Sources */ = {isa = PBXBuildFile; fileRef = 0627C599270D6CFF002A28B7 /* AppDelegate.swift */; };
		0627C59C270D6CFF002A28B7 /* SceneDelegate.swift in Sources */ = {isa = PBXBuildFile; fileRef = 0627C59B270D6CFF002A28B7 /* SceneDelegate.swift */; };
		0627C59E270D6CFF002A28B7 /* ContentView.swift in Sources */ = {isa = PBXBuildFile; fileRef = 0627C59D270D6CFF002A28B7 /* ContentView.swift */; };
		0627C5A0270D6D00002A28B7 /* Assets.xcassets in Resources */ = {isa = PBXBuildFile; fileRef = 0627C59F270D6D00002A28B7 /* Assets.xcassets */; };
		0627C5A3270D6D00002A28B7 /* Preview Assets.xcassets in Resources */ = {isa = PBXBuildFile; fileRef = 0627C5A2270D6D00002A28B7 /* Preview Assets.xcassets */; };
		0627C5A6270D6D00002A28B7 /* LaunchScreen.storyboard in Resources */ = {isa = PBXBuildFile; fileRef = 0627C5A4270D6D00002A28B7 /* LaunchScreen.storyboard */; };
		0627C5B1270D6D00002A28B7 /* SampleSwiftUITests.swift in Sources */ = {isa = PBXBuildFile; fileRef = 0627C5B0270D6D00002A28B7 /* SampleSwiftUITests.swift */; };
		0627C5BC270D6D00002A28B7 /* SampleSwiftUIUITests.swift in Sources */ = {isa = PBXBuildFile; fileRef = 0627C5BB270D6D00002A28B7 /* SampleSwiftUIUITests.swift */; };
		064ED6402716670B00F516C8 /* CircleImage.swift in Sources */ = {isa = PBXBuildFile; fileRef = 064ED63F2716670B00F516C8 /* CircleImage.swift */; };
		064ED6422716694800F516C8 /* MapView.swift in Sources */ = {isa = PBXBuildFile; fileRef = 064ED6412716694800F516C8 /* MapView.swift */; };
		064ED64827166E6100F516C8 /* LandmarkView.swift in Sources */ = {isa = PBXBuildFile; fileRef = 064ED64727166E6100F516C8 /* LandmarkView.swift */; };
		064ED64B27166E8500F516C8 /* Landmark.swift in Sources */ = {isa = PBXBuildFile; fileRef = 064ED64A27166E8500F516C8 /* Landmark.swift */; };
		064ED64D2716705500F516C8 /* ModelData.swift in Sources */ = {isa = PBXBuildFile; fileRef = 064ED64C2716705500F516C8 /* ModelData.swift */; };
		064ED650271670D600F516C8 /* LandmarkRow.swift in Sources */ = {isa = PBXBuildFile; fileRef = 064ED64F271670D600F516C8 /* LandmarkRow.swift */; };
		064ED6532716740900F516C8 /* landmarkData.json in Resources */ = {isa = PBXBuildFile; fileRef = 064ED6522716740900F516C8 /* landmarkData.json */; };
		064ED6562716785100F516C8 /* LandmarkDetail.swift in Sources */ = {isa = PBXBuildFile; fileRef = 064ED6552716785100F516C8 /* LandmarkDetail.swift */; };
/* End PBXBuildFile section */

/* Begin PBXContainerItemProxy section */
		0627C5AD270D6D00002A28B7 /* PBXContainerItemProxy */ = {
			isa = PBXContainerItemProxy;
			containerPortal = 0627C58E270D6CFF002A28B7 /* Project object */;
			proxyType = 1;
			remoteGlobalIDString = 0627C595270D6CFF002A28B7;
			remoteInfo = SampleSwiftUI;
		};
		0627C5B8270D6D00002A28B7 /* PBXContainerItemProxy */ = {
			isa = PBXContainerItemProxy;
			containerPortal = 0627C58E270D6CFF002A28B7 /* Project object */;
			proxyType = 1;
			remoteGlobalIDString = 0627C595270D6CFF002A28B7;
			remoteInfo = SampleSwiftUI;
		};
/* End PBXContainerItemProxy section */

/* Begin PBXFileReference section */
		0627C596270D6CFF002A28B7 /* SampleSwiftUI.app */ = {isa = PBXFileReference; explicitFileType = wrapper.application; includeInIndex = 0; path = SampleSwiftUI.app; sourceTree = BUILT_PRODUCTS_DIR; };
		0627C599270D6CFF002A28B7 /* AppDelegate.swift */ = {isa = PBXFileReference; lastKnownFileType = sourcecode.swift; path = AppDelegate.swift; sourceTree = "<group>"; };
		0627C59B270D6CFF002A28B7 /* SceneDelegate.swift */ = {isa = PBXFileReference; lastKnownFileType = sourcecode.swift; path = SceneDelegate.swift; sourceTree = "<group>"; };
		0627C59D270D6CFF002A28B7 /* ContentView.swift */ = {isa = PBXFileReference; lastKnownFileType = sourcecode.swift; path = ContentView.swift; sourceTree = "<group>"; };
		0627C59F270D6D00002A28B7 /* Assets.xcassets */ = {isa = PBXFileReference; lastKnownFileType = folder.assetcatalog; path = Assets.xcassets; sourceTree = "<group>"; };
		0627C5A2270D6D00002A28B7 /* Preview Assets.xcassets */ = {isa = PBXFileReference; lastKnownFileType = folder.assetcatalog; path = "Preview Assets.xcassets"; sourceTree = "<group>"; };
		0627C5A5270D6D00002A28B7 /* Base */ = {isa = PBXFileReference; lastKnownFileType = file.storyboard; name = Base; path = Base.lproj/LaunchScreen.storyboard; sourceTree = "<group>"; };
		0627C5A7270D6D00002A28B7 /* Info.plist */ = {isa = PBXFileReference; lastKnownFileType = text.plist.xml; path = Info.plist; sourceTree = "<group>"; };
		0627C5AC270D6D00002A28B7 /* SampleSwiftUITests.xctest */ = {isa = PBXFileReference; explicitFileType = wrapper.cfbundle; includeInIndex = 0; path = SampleSwiftUITests.xctest; sourceTree = BUILT_PRODUCTS_DIR; };
		0627C5B0270D6D00002A28B7 /* SampleSwiftUITests.swift */ = {isa = PBXFileReference; lastKnownFileType = sourcecode.swift; path = SampleSwiftUITests.swift; sourceTree = "<group>"; };
		0627C5B2270D6D00002A28B7 /* Info.plist */ = {isa = PBXFileReference; lastKnownFileType = text.plist.xml; path = Info.plist; sourceTree = "<group>"; };
		0627C5B7270D6D00002A28B7 /* SampleSwiftUIUITests.xctest */ = {isa = PBXFileReference; explicitFileType = wrapper.cfbundle; includeInIndex = 0; path = SampleSwiftUIUITests.xctest; sourceTree = BUILT_PRODUCTS_DIR; };
		0627C5BB270D6D00002A28B7 /* SampleSwiftUIUITests.swift */ = {isa = PBXFileReference; lastKnownFileType = sourcecode.swift; path = SampleSwiftUIUITests.swift; sourceTree = "<group>"; };
		0627C5BD270D6D00002A28B7 /* Info.plist */ = {isa = PBXFileReference; lastKnownFileType = text.plist.xml; path = Info.plist; sourceTree = "<group>"; };
		064ED63F2716670B00F516C8 /* CircleImage.swift */ = {isa = PBXFileReference; lastKnownFileType = sourcecode.swift; path = CircleImage.swift; sourceTree = "<group>"; };
		064ED6412716694800F516C8 /* MapView.swift */ = {isa = PBXFileReference; lastKnownFileType = sourcecode.swift; path = MapView.swift; sourceTree = "<group>"; };
		064ED64727166E6100F516C8 /* LandmarkView.swift */ = {isa = PBXFileReference; lastKnownFileType = sourcecode.swift; path = LandmarkView.swift; sourceTree = "<group>"; };
		064ED64A27166E8500F516C8 /* Landmark.swift */ = {isa = PBXFileReference; lastKnownFileType = sourcecode.swift; path = Landmark.swift; sourceTree = "<group>"; };
		064ED64C2716705500F516C8 /* ModelData.swift */ = {isa = PBXFileReference; lastKnownFileType = sourcecode.swift; path = ModelData.swift; sourceTree = "<group>"; };
		064ED64F271670D600F516C8 /* LandmarkRow.swift */ = {isa = PBXFileReference; lastKnownFileType = sourcecode.swift; path = LandmarkRow.swift; sourceTree = "<group>"; };
		064ED6522716740900F516C8 /* landmarkData.json */ = {isa = PBXFileReference; fileEncoding = 4; lastKnownFileType = text.json; path = landmarkData.json; sourceTree = "<group>"; };
		064ED6552716785100F516C8 /* LandmarkDetail.swift */ = {isa = PBXFileReference; lastKnownFileType = sourcecode.swift; path = LandmarkDetail.swift; sourceTree = "<group>"; };
/* End PBXFileReference section */

/* Begin PBXFrameworksBuildPhase section */
		0627C593270D6CFF002A28B7 /* Frameworks */ = {
			isa = PBXFrameworksBuildPhase;
			buildActionMask = 2147483647;
			files = (
			);
			runOnlyForDeploymentPostprocessing = 0;
		};
		0627C5A9270D6D00002A28B7 /* Frameworks */ = {
			isa = PBXFrameworksBuildPhase;
			buildActionMask = 2147483647;
			files = (
			);
			runOnlyForDeploymentPostprocessing = 0;
		};
		0627C5B4270D6D00002A28B7 /* Frameworks */ = {
			isa = PBXFrameworksBuildPhase;
			buildActionMask = 2147483647;
			files = (
			);
			runOnlyForDeploymentPostprocessing = 0;
		};
/* End PBXFrameworksBuildPhase section */

/* Begin PBXGroup section */
		0627C58D270D6CFF002A28B7 = {
			isa = PBXGroup;
			children = (
				0627C598270D6CFF002A28B7 /* SampleSwiftUI */,
				0627C5AF270D6D00002A28B7 /* SampleSwiftUITests */,
				0627C5BA270D6D00002A28B7 /* SampleSwiftUIUITests */,
				0627C597270D6CFF002A28B7 /* Products */,
			);
			sourceTree = "<group>";
		};
		0627C597270D6CFF002A28B7 /* Products */ = {
			isa = PBXGroup;
			children = (
				0627C596270D6CFF002A28B7 /* SampleSwiftUI.app */,
				0627C5AC270D6D00002A28B7 /* SampleSwiftUITests.xctest */,
				0627C5B7270D6D00002A28B7 /* SampleSwiftUIUITests.xctest */,
			);
			name = Products;
			sourceTree = "<group>";
		};
		0627C598270D6CFF002A28B7 /* SampleSwiftUI */ = {
			isa = PBXGroup;
			children = (
				0627C599270D6CFF002A28B7 /* AppDelegate.swift */,
				0627C59B270D6CFF002A28B7 /* SceneDelegate.swift */,
				064ED64627166DE100F516C8 /* Resource */,
				064ED64927166E7400F516C8 /* Models */,
				0627C5C9270D7025002A28B7 /* UserInterfaces */,
				064ED64E271670BB00F516C8 /* Views */,
				0627C5A4270D6D00002A28B7 /* LaunchScreen.storyboard */,
				0627C5A7270D6D00002A28B7 /* Info.plist */,
				0627C5A1270D6D00002A28B7 /* Preview Content */,
			);
			path = SampleSwiftUI;
			sourceTree = "<group>";
		};
		0627C5A1270D6D00002A28B7 /* Preview Content */ = {
			isa = PBXGroup;
			children = (
				0627C5A2270D6D00002A28B7 /* Preview Assets.xcassets */,
			);
			path = "Preview Content";
			sourceTree = "<group>";
		};
		0627C5AF270D6D00002A28B7 /* SampleSwiftUITests */ = {
			isa = PBXGroup;
			children = (
				0627C5B0270D6D00002A28B7 /* SampleSwiftUITests.swift */,
				0627C5B2270D6D00002A28B7 /* Info.plist */,
			);
			path = SampleSwiftUITests;
			sourceTree = "<group>";
		};
		0627C5BA270D6D00002A28B7 /* SampleSwiftUIUITests */ = {
			isa = PBXGroup;
			children = (
				0627C5BB270D6D00002A28B7 /* SampleSwiftUIUITests.swift */,
				0627C5BD270D6D00002A28B7 /* Info.plist */,
			);
			path = SampleSwiftUIUITests;
			sourceTree = "<group>";
		};
		0627C5C9270D7025002A28B7 /* UserInterfaces */ = {
			isa = PBXGroup;
			children = (
				064ED64327166D5D00F516C8 /* ContentView */,
				064ED6542716784000F516C8 /* Landmark */,
			);
			path = UserInterfaces;
			sourceTree = "<group>";
		};
		064ED64327166D5D00F516C8 /* ContentView */ = {
			isa = PBXGroup;
			children = (
				0627C59D270D6CFF002A28B7 /* ContentView.swift */,
			);
			path = ContentView;
			sourceTree = "<group>";
		};
		064ED64627166DE100F516C8 /* Resource */ = {
			isa = PBXGroup;
			children = (
				064ED6522716740900F516C8 /* landmarkData.json */,
				0627C59F270D6D00002A28B7 /* Assets.xcassets */,
			);
			path = Resource;
			sourceTree = "<group>";
		};
		064ED64927166E7400F516C8 /* Models */ = {
			isa = PBXGroup;
			children = (
				064ED64A27166E8500F516C8 /* Landmark.swift */,
				064ED64C2716705500F516C8 /* ModelData.swift */,
			);
			path = Models;
			sourceTree = "<group>";
		};
		064ED64E271670BB00F516C8 /* Views */ = {
			isa = PBXGroup;
			children = (
				064ED63F2716670B00F516C8 /* CircleImage.swift */,
				064ED6412716694800F516C8 /* MapView.swift */,
				064ED64F271670D600F516C8 /* LandmarkRow.swift */,
			);
			path = Views;
			sourceTree = "<group>";
		};
		064ED6542716784000F516C8 /* Landmark */ = {
			isa = PBXGroup;
			children = (
				064ED64727166E6100F516C8 /* LandmarkView.swift */,
				064ED6552716785100F516C8 /* LandmarkDetail.swift */,
			);
			path = Landmark;
			sourceTree = "<group>";
		};
/* End PBXGroup section */

/* Begin PBXNativeTarget section */
		0627C595270D6CFF002A28B7 /* SampleSwiftUI */ = {
			isa = PBXNativeTarget;
			buildConfigurationList = 0627C5C0270D6D00002A28B7 /* Build configuration list for PBXNativeTarget "SampleSwiftUI" */;
			buildPhases = (
				0627C592270D6CFF002A28B7 /* Sources */,
				0627C593270D6CFF002A28B7 /* Frameworks */,
				0627C594270D6CFF002A28B7 /* Resources */,
			);
			buildRules = (
			);
			dependencies = (
			);
			name = SampleSwiftUI;
			productName = SampleSwiftUI;
			productReference = 0627C596270D6CFF002A28B7 /* SampleSwiftUI.app */;
			productType = "com.apple.product-type.application";
		};
		0627C5AB270D6D00002A28B7 /* SampleSwiftUITests */ = {
			isa = PBXNativeTarget;
			buildConfigurationList = 0627C5C3270D6D00002A28B7 /* Build configuration list for PBXNativeTarget "SampleSwiftUITests" */;
			buildPhases = (
				0627C5A8270D6D00002A28B7 /* Sources */,
				0627C5A9270D6D00002A28B7 /* Frameworks */,
				0627C5AA270D6D00002A28B7 /* Resources */,
			);
			buildRules = (
			);
			dependencies = (
				0627C5AE270D6D00002A28B7 /* PBXTargetDependency */,
			);
			name = SampleSwiftUITests;
			productName = SampleSwiftUITests;
			productReference = 0627C5AC270D6D00002A28B7 /* SampleSwiftUITests.xctest */;
			productType = "com.apple.product-type.bundle.unit-test";
		};
		0627C5B6270D6D00002A28B7 /* SampleSwiftUIUITests */ = {
			isa = PBXNativeTarget;
			buildConfigurationList = 0627C5C6270D6D00002A28B7 /* Build configuration list for PBXNativeTarget "SampleSwiftUIUITests" */;
			buildPhases = (
				0627C5B3270D6D00002A28B7 /* Sources */,
				0627C5B4270D6D00002A28B7 /* Frameworks */,
				0627C5B5270D6D00002A28B7 /* Resources */,
			);
			buildRules = (
			);
			dependencies = (
				0627C5B9270D6D00002A28B7 /* PBXTargetDependency */,
			);
			name = SampleSwiftUIUITests;
			productName = SampleSwiftUIUITests;
			productReference = 0627C5B7270D6D00002A28B7 /* SampleSwiftUIUITests.xctest */;
			productType = "com.apple.product-type.bundle.ui-testing";
		};
/* End PBXNativeTarget section */

/* Begin PBXProject section */
		0627C58E270D6CFF002A28B7 /* Project object */ = {
			isa = PBXProject;
			attributes = {
				LastSwiftUpdateCheck = 1250;
				LastUpgradeCheck = 1250;
				TargetAttributes = {
					0627C595270D6CFF002A28B7 = {
						CreatedOnToolsVersion = 12.5;
					};
					0627C5AB270D6D00002A28B7 = {
						CreatedOnToolsVersion = 12.5;
						TestTargetID = 0627C595270D6CFF002A28B7;
					};
					0627C5B6270D6D00002A28B7 = {
						CreatedOnToolsVersion = 12.5;
						TestTargetID = 0627C595270D6CFF002A28B7;
					};
				};
			};
			buildConfigurationList = 0627C591270D6CFF002A28B7 /* Build configuration list for PBXProject "SampleSwiftUI" */;
			compatibilityVersion = "Xcode 9.3";
			developmentRegion = en;
			hasScannedForEncodings = 0;
			knownRegions = (
				en,
				Base,
			);
			mainGroup = 0627C58D270D6CFF002A28B7;
			productRefGroup = 0627C597270D6CFF002A28B7 /* Products */;
			projectDirPath = "";
			projectRoot = "";
			targets = (
				0627C595270D6CFF002A28B7 /* SampleSwiftUI */,
				0627C5AB270D6D00002A28B7 /* SampleSwiftUITests */,
				0627C5B6270D6D00002A28B7 /* SampleSwiftUIUITests */,
			);
		};
/* End PBXProject section */

/* Begin PBXResourcesBuildPhase section */
		0627C594270D6CFF002A28B7 /* Resources */ = {
			isa = PBXResourcesBuildPhase;
			buildActionMask = 2147483647;
			files = (
				0627C5A6270D6D00002A28B7 /* LaunchScreen.storyboard in Resources */,
				064ED6532716740900F516C8 /* landmarkData.json in Resources */,
				0627C5A3270D6D00002A28B7 /* Preview Assets.xcassets in Resources */,
				0627C5A0270D6D00002A28B7 /* Assets.xcassets in Resources */,
			);
			runOnlyForDeploymentPostprocessing = 0;
		};
		0627C5AA270D6D00002A28B7 /* Resources */ = {
			isa = PBXResourcesBuildPhase;
			buildActionMask = 2147483647;
			files = (
			);
			runOnlyForDeploymentPostprocessing = 0;
		};
		0627C5B5270D6D00002A28B7 /* Resources */ = {
			isa = PBXResourcesBuildPhase;
			buildActionMask = 2147483647;
			files = (
			);
			runOnlyForDeploymentPostprocessing = 0;
		};
/* End PBXResourcesBuildPhase section */

/* Begin PBXSourcesBuildPhase section */
		0627C592270D6CFF002A28B7 /* Sources */ = {
			isa = PBXSourcesBuildPhase;
			buildActionMask = 2147483647;
			files = (
				064ED64B27166E8500F516C8 /* Landmark.swift in Sources */,
				0627C59A270D6CFF002A28B7 /* AppDelegate.swift in Sources */,
				064ED6402716670B00F516C8 /* CircleImage.swift in Sources */,
				064ED64827166E6100F516C8 /* LandmarkView.swift in Sources */,
				064ED6422716694800F516C8 /* MapView.swift in Sources */,
				064ED64D2716705500F516C8 /* ModelData.swift in Sources */,
				0627C59C270D6CFF002A28B7 /* SceneDelegate.swift in Sources */,
				0627C59E270D6CFF002A28B7 /* ContentView.swift in Sources */,
				064ED6562716785100F516C8 /* LandmarkDetail.swift in Sources */,
				064ED650271670D600F516C8 /* LandmarkRow.swift in Sources */,
			);
			runOnlyForDeploymentPostprocessing = 0;
		};
		0627C5A8270D6D00002A28B7 /* Sources */ = {
			isa = PBXSourcesBuildPhase;
			buildActionMask = 2147483647;
			files = (
				0627C5B1270D6D00002A28B7 /* SampleSwiftUITests.swift in Sources */,
			);
			runOnlyForDeploymentPostprocessing = 0;
		};
		0627C5B3270D6D00002A28B7 /* Sources */ = {
			isa = PBXSourcesBuildPhase;
			buildActionMask = 2147483647;
			files = (
				0627C5BC270D6D00002A28B7 /* SampleSwiftUIUITests.swift in Sources */,
			);
			runOnlyForDeploymentPostprocessing = 0;
		};
/* End PBXSourcesBuildPhase section */

/* Begin PBXTargetDependency section */
		0627C5AE270D6D00002A28B7 /* PBXTargetDependency */ = {
			isa = PBXTargetDependency;
			target = 0627C595270D6CFF002A28B7 /* SampleSwiftUI */;
			targetProxy = 0627C5AD270D6D00002A28B7 /* PBXContainerItemProxy */;
		};
		0627C5B9270D6D00002A28B7 /* PBXTargetDependency */ = {
			isa = PBXTargetDependency;
			target = 0627C595270D6CFF002A28B7 /* SampleSwiftUI */;
			targetProxy = 0627C5B8270D6D00002A28B7 /* PBXContainerItemProxy */;
		};
/* End PBXTargetDependency section */

/* Begin PBXVariantGroup section */
		0627C5A4270D6D00002A28B7 /* LaunchScreen.storyboard */ = {
			isa = PBXVariantGroup;
			children = (
				0627C5A5270D6D00002A28B7 /* Base */,
			);
			name = LaunchScreen.storyboard;
			sourceTree = "<group>";
		};
/* End PBXVariantGroup section */

/* Begin XCBuildConfiguration section */
		0627C5BE270D6D00002A28B7 /* Debug */ = {
			isa = XCBuildConfiguration;
			buildSettings = {
				ALWAYS_SEARCH_USER_PATHS = NO;
				CLANG_ANALYZER_NONNULL = YES;
				CLANG_ANALYZER_NUMBER_OBJECT_CONVERSION = YES_AGGRESSIVE;
				CLANG_CXX_LANGUAGE_STANDARD = "gnu++14";
				CLANG_CXX_LIBRARY = "libc++";
				CLANG_ENABLE_MODULES = YES;
				CLANG_ENABLE_OBJC_ARC = YES;
				CLANG_ENABLE_OBJC_WEAK = YES;
				CLANG_WARN_BLOCK_CAPTURE_AUTORELEASING = YES;
				CLANG_WARN_BOOL_CONVERSION = YES;
				CLANG_WARN_COMMA = YES;
				CLANG_WARN_CONSTANT_CONVERSION = YES;
				CLANG_WARN_DEPRECATED_OBJC_IMPLEMENTATIONS = YES;
				CLANG_WARN_DIRECT_OBJC_ISA_USAGE = YES_ERROR;
				CLANG_WARN_DOCUMENTATION_COMMENTS = YES;
				CLANG_WARN_EMPTY_BODY = YES;
				CLANG_WARN_ENUM_CONVERSION = YES;
				CLANG_WARN_INFINITE_RECURSION = YES;
				CLANG_WARN_INT_CONVERSION = YES;
				CLANG_WARN_NON_LITERAL_NULL_CONVERSION = YES;
				CLANG_WARN_OBJC_IMPLICIT_RETAIN_SELF = YES;
				CLANG_WARN_OBJC_LITERAL_CONVERSION = YES;
				CLANG_WARN_OBJC_ROOT_CLASS = YES_ERROR;
				CLANG_WARN_QUOTED_INCLUDE_IN_FRAMEWORK_HEADER = YES;
				CLANG_WARN_RANGE_LOOP_ANALYSIS = YES;
				CLANG_WARN_STRICT_PROTOTYPES = YES;
				CLANG_WARN_SUSPICIOUS_MOVE = YES;
				CLANG_WARN_UNGUARDED_AVAILABILITY = YES_AGGRESSIVE;
				CLANG_WARN_UNREACHABLE_CODE = YES;
				CLANG_WARN__DUPLICATE_METHOD_MATCH = YES;
				COPY_PHASE_STRIP = NO;
				DEBUG_INFORMATION_FORMAT = dwarf;
				ENABLE_STRICT_OBJC_MSGSEND = YES;
				ENABLE_TESTABILITY = YES;
				GCC_C_LANGUAGE_STANDARD = gnu11;
				GCC_DYNAMIC_NO_PIC = NO;
				GCC_NO_COMMON_BLOCKS = YES;
				GCC_OPTIMIZATION_LEVEL = 0;
				GCC_PREPROCESSOR_DEFINITIONS = (
					"DEBUG=1",
					"$(inherited)",
				);
				GCC_WARN_64_TO_32_BIT_CONVERSION = YES;
				GCC_WARN_ABOUT_RETURN_TYPE = YES_ERROR;
				GCC_WARN_UNDECLARED_SELECTOR = YES;
				GCC_WARN_UNINITIALIZED_AUTOS = YES_AGGRESSIVE;
				GCC_WARN_UNUSED_FUNCTION = YES;
				GCC_WARN_UNUSED_VARIABLE = YES;
				IPHONEOS_DEPLOYMENT_TARGET = 14.5;
				MTL_ENABLE_DEBUG_INFO = INCLUDE_SOURCE;
				MTL_FAST_MATH = YES;
				ONLY_ACTIVE_ARCH = YES;
				SDKROOT = iphoneos;
				SWIFT_ACTIVE_COMPILATION_CONDITIONS = DEBUG;
				SWIFT_OPTIMIZATION_LEVEL = "-Onone";
			};
			name = Debug;
		};
		0627C5BF270D6D00002A28B7 /* Release */ = {
			isa = XCBuildConfiguration;
			buildSettings = {
				ALWAYS_SEARCH_USER_PATHS = NO;
				CLANG_ANALYZER_NONNULL = YES;
				CLANG_ANALYZER_NUMBER_OBJECT_CONVERSION = YES_AGGRESSIVE;
				CLANG_CXX_LANGUAGE_STANDARD = "gnu++14";
				CLANG_CXX_LIBRARY = "libc++";
				CLANG_ENABLE_MODULES = YES;
				CLANG_ENABLE_OBJC_ARC = YES;
				CLANG_ENABLE_OBJC_WEAK = YES;
				CLANG_WARN_BLOCK_CAPTURE_AUTORELEASING = YES;
				CLANG_WARN_BOOL_CONVERSION = YES;
				CLANG_WARN_COMMA = YES;
				CLANG_WARN_CONSTANT_CONVERSION = YES;
				CLANG_WARN_DEPRECATED_OBJC_IMPLEMENTATIONS = YES;
				CLANG_WARN_DIRECT_OBJC_ISA_USAGE = YES_ERROR;
				CLANG_WARN_DOCUMENTATION_COMMENTS = YES;
				CLANG_WARN_EMPTY_BODY = YES;
				CLANG_WARN_ENUM_CONVERSION = YES;
				CLANG_WARN_INFINITE_RECURSION = YES;
				CLANG_WARN_INT_CONVERSION = YES;
				CLANG_WARN_NON_LITERAL_NULL_CONVERSION = YES;
				CLANG_WARN_OBJC_IMPLICIT_RETAIN_SELF = YES;
				CLANG_WARN_OBJC_LITERAL_CONVERSION = YES;
				CLANG_WARN_OBJC_ROOT_CLASS = YES_ERROR;
				CLANG_WARN_QUOTED_INCLUDE_IN_FRAMEWORK_HEADER = YES;
				CLANG_WARN_RANGE_LOOP_ANALYSIS = YES;
				CLANG_WARN_STRICT_PROTOTYPES = YES;
				CLANG_WARN_SUSPICIOUS_MOVE = YES;
				CLANG_WARN_UNGUARDED_AVAILABILITY = YES_AGGRESSIVE;
				CLANG_WARN_UNREACHABLE_CODE = YES;
				CLANG_WARN__DUPLICATE_METHOD_MATCH = YES;
				COPY_PHASE_STRIP = NO;
				DEBUG_INFORMATION_FORMAT = "dwarf-with-dsym";
				ENABLE_NS_ASSERTIONS = NO;
				ENABLE_STRICT_OBJC_MSGSEND = YES;
				GCC_C_LANGUAGE_STANDARD = gnu11;
				GCC_NO_COMMON_BLOCKS = YES;
				GCC_WARN_64_TO_32_BIT_CONVERSION = YES;
				GCC_WARN_ABOUT_RETURN_TYPE = YES_ERROR;
				GCC_WARN_UNDECLARED_SELECTOR = YES;
				GCC_WARN_UNINITIALIZED_AUTOS = YES_AGGRESSIVE;
				GCC_WARN_UNUSED_FUNCTION = YES;
				GCC_WARN_UNUSED_VARIABLE = YES;
				IPHONEOS_DEPLOYMENT_TARGET = 14.5;
				MTL_ENABLE_DEBUG_INFO = NO;
				MTL_FAST_MATH = YES;
				SDKROOT = iphoneos;
				SWIFT_COMPILATION_MODE = wholemodule;
				SWIFT_OPTIMIZATION_LEVEL = "-O";
				VALIDATE_PRODUCT = YES;
			};
			name = Release;
		};
		0627C5C1270D6D00002A28B7 /* Debug */ = {
			isa = XCBuildConfiguration;
			buildSettings = {
				ASSETCATALOG_COMPILER_APPICON_NAME = AppIcon;
				ASSETCATALOG_COMPILER_GLOBAL_ACCENT_COLOR_NAME = AccentColor;
				CODE_SIGN_STYLE = Automatic;
				DEVELOPMENT_ASSET_PATHS = "\"SampleSwiftUI/Preview Content\"";
				DEVELOPMENT_TEAM = 657Z774V99;
				ENABLE_PREVIEWS = YES;
				INFOPLIST_FILE = SampleSwiftUI/Info.plist;
				LD_RUNPATH_SEARCH_PATHS = (
					"$(inherited)",
					"@executable_path/Frameworks",
				);
				PRODUCT_BUNDLE_IDENTIFIER = "jp.softbank.i.m-107-sin.SampleSwiftUI";
				PRODUCT_NAME = "$(TARGET_NAME)";
				SWIFT_VERSION = 5.0;
				TARGETED_DEVICE_FAMILY = "1,2";
			};
			name = Debug;
		};
		0627C5C2270D6D00002A28B7 /* Release */ = {
			isa = XCBuildConfiguration;
			buildSettings = {
				ASSETCATALOG_COMPILER_APPICON_NAME = AppIcon;
				ASSETCATALOG_COMPILER_GLOBAL_ACCENT_COLOR_NAME = AccentColor;
				CODE_SIGN_STYLE = Automatic;
				DEVELOPMENT_ASSET_PATHS = "\"SampleSwiftUI/Preview Content\"";
				DEVELOPMENT_TEAM = 657Z774V99;
				ENABLE_PREVIEWS = YES;
				INFOPLIST_FILE = SampleSwiftUI/Info.plist;
				LD_RUNPATH_SEARCH_PATHS = (
					"$(inherited)",
					"@executable_path/Frameworks",
				);
				PRODUCT_BUNDLE_IDENTIFIER = "jp.softbank.i.m-107-sin.SampleSwiftUI";
				PRODUCT_NAME = "$(TARGET_NAME)";
				SWIFT_VERSION = 5.0;
				TARGETED_DEVICE_FAMILY = "1,2";
			};
			name = Release;
		};
		0627C5C4270D6D00002A28B7 /* Debug */ = {
			isa = XCBuildConfiguration;
			buildSettings = {
				ALWAYS_EMBED_SWIFT_STANDARD_LIBRARIES = YES;
				BUNDLE_LOADER = "$(TEST_HOST)";
				CODE_SIGN_STYLE = Automatic;
				DEVELOPMENT_TEAM = 657Z774V99;
				INFOPLIST_FILE = SampleSwiftUITests/Info.plist;
				IPHONEOS_DEPLOYMENT_TARGET = 14.5;
				LD_RUNPATH_SEARCH_PATHS = (
					"$(inherited)",
					"@executable_path/Frameworks",
					"@loader_path/Frameworks",
				);
				PRODUCT_BUNDLE_IDENTIFIER = "jp.softbank.i.m-107-sin.SampleSwiftUITests";
				PRODUCT_NAME = "$(TARGET_NAME)";
				SWIFT_VERSION = 5.0;
				TARGETED_DEVICE_FAMILY = "1,2";
				TEST_HOST = "$(BUILT_PRODUCTS_DIR)/SampleSwiftUI.app/SampleSwiftUI";
			};
			name = Debug;
		};
		0627C5C5270D6D00002A28B7 /* Release */ = {
			isa = XCBuildConfiguration;
			buildSettings = {
				ALWAYS_EMBED_SWIFT_STANDARD_LIBRARIES = YES;
				BUNDLE_LOADER = "$(TEST_HOST)";
				CODE_SIGN_STYLE = Automatic;
				DEVELOPMENT_TEAM = 657Z774V99;
				INFOPLIST_FILE = SampleSwiftUITests/Info.plist;
				IPHONEOS_DEPLOYMENT_TARGET = 14.5;
				LD_RUNPATH_SEARCH_PATHS = (
					"$(inherited)",
					"@executable_path/Frameworks",
					"@loader_path/Frameworks",
				);
				PRODUCT_BUNDLE_IDENTIFIER = "jp.softbank.i.m-107-sin.SampleSwiftUITests";
				PRODUCT_NAME = "$(TARGET_NAME)";
				SWIFT_VERSION = 5.0;
				TARGETED_DEVICE_FAMILY = "1,2";
				TEST_HOST = "$(BUILT_PRODUCTS_DIR)/SampleSwiftUI.app/SampleSwiftUI";
			};
			name = Release;
		};
		0627C5C7270D6D00002A28B7 /* Debug */ = {
			isa = XCBuildConfiguration;
			buildSettings = {
				ALWAYS_EMBED_SWIFT_STANDARD_LIBRARIES = YES;
				CODE_SIGN_STYLE = Automatic;
				DEVELOPMENT_TEAM = 657Z774V99;
				INFOPLIST_FILE = SampleSwiftUIUITests/Info.plist;
				LD_RUNPATH_SEARCH_PATHS = (
					"$(inherited)",
					"@executable_path/Frameworks",
					"@loader_path/Frameworks",
				);
				PRODUCT_BUNDLE_IDENTIFIER = "jp.softbank.i.m-107-sin.SampleSwiftUIUITests";
				PRODUCT_NAME = "$(TARGET_NAME)";
				SWIFT_VERSION = 5.0;
				TARGETED_DEVICE_FAMILY = "1,2";
				TEST_TARGET_NAME = SampleSwiftUI;
			};
			name = Debug;
		};
		0627C5C8270D6D00002A28B7 /* Release */ = {
			isa = XCBuildConfiguration;
			buildSettings = {
				ALWAYS_EMBED_SWIFT_STANDARD_LIBRARIES = YES;
				CODE_SIGN_STYLE = Automatic;
				DEVELOPMENT_TEAM = 657Z774V99;
				INFOPLIST_FILE = SampleSwiftUIUITests/Info.plist;
				LD_RUNPATH_SEARCH_PATHS = (
					"$(inherited)",
					"@executable_path/Frameworks",
					"@loader_path/Frameworks",
				);
				PRODUCT_BUNDLE_IDENTIFIER = "jp.softbank.i.m-107-sin.SampleSwiftUIUITests";
				PRODUCT_NAME = "$(TARGET_NAME)";
				SWIFT_VERSION = 5.0;
				TARGETED_DEVICE_FAMILY = "1,2";
				TEST_TARGET_NAME = SampleSwiftUI;
			};
			name = Release;
		};
/* End XCBuildConfiguration section */

/* Begin XCConfigurationList section */
		0627C591270D6CFF002A28B7 /* Build configuration list for PBXProject "SampleSwiftUI" */ = {
			isa = XCConfigurationList;
			buildConfigurations = (
				0627C5BE270D6D00002A28B7 /* Debug */,
				0627C5BF270D6D00002A28B7 /* Release */,
			);
			defaultConfigurationIsVisible = 0;
			defaultConfigurationName = Release;
		};
		0627C5C0270D6D00002A28B7 /* Build configuration list for PBXNativeTarget "SampleSwiftUI" */ = {
			isa = XCConfigurationList;
			buildConfigurations = (
				0627C5C1270D6D00002A28B7 /* Debug */,
				0627C5C2270D6D00002A28B7 /* Release */,
			);
			defaultConfigurationIsVisible = 0;
			defaultConfigurationName = Release;
		};
		0627C5C3270D6D00002A28B7 /* Build configuration list for PBXNativeTarget "SampleSwiftUITests" */ = {
			isa = XCConfigurationList;
			buildConfigurations = (
				0627C5C4270D6D00002A28B7 /* Debug */,
				0627C5C5270D6D00002A28B7 /* Release */,
			);
			defaultConfigurationIsVisible = 0;
			defaultConfigurationName = Release;
		};
		0627C5C6270D6D00002A28B7 /* Build configuration list for PBXNativeTarget "SampleSwiftUIUITests" */ = {
			isa = XCConfigurationList;
			buildConfigurations = (
				0627C5C7270D6D00002A28B7 /* Debug */,
				0627C5C8270D6D00002A28B7 /* Release */,
			);
			defaultConfigurationIsVisible = 0;
			defaultConfigurationName = Release;
		};
/* End XCConfigurationList section */
	};
	rootObject = 0627C58E270D6CFF002A28B7 /* Project object */;
}
